// !$*UTF8*$!
{
	archiveVersion = 1;
	classes = {
	};
	objectVersion = 50;
	objects = {

/* Begin PBXBuildFile section */
		E22EF3DE2369EDA4008F0BF0 /* TabBar.storyboard in Resources */ = {isa = PBXBuildFile; fileRef = E22EF3DD2369EDA4008F0BF0 /* TabBar.storyboard */; };
		E25629F62369C85000BE430D /* SignUpViewController.swift in Sources */ = {isa = PBXBuildFile; fileRef = E25629F52369C85000BE430D /* SignUpViewController.swift */; };
		E25629F82369D88B00BE430D /* HomeViewController.swift in Sources */ = {isa = PBXBuildFile; fileRef = E25629F72369D88B00BE430D /* HomeViewController.swift */; };
		E25629FA2369D8A100BE430D /* SearchViewController.swift in Sources */ = {isa = PBXBuildFile; fileRef = E25629F92369D8A100BE430D /* SearchViewController.swift */; };
		E25629FC2369D8B400BE430D /* PhotoViewController.swift in Sources */ = {isa = PBXBuildFile; fileRef = E25629FB2369D8B400BE430D /* PhotoViewController.swift */; };
		E25629FE2369D8E700BE430D /* FavoriteViewController.swift in Sources */ = {isa = PBXBuildFile; fileRef = E25629FD2369D8E700BE430D /* FavoriteViewController.swift */; };
		E2562A002369D8F700BE430D /* ProfileViewController.swift in Sources */ = {isa = PBXBuildFile; fileRef = E25629FF2369D8F700BE430D /* ProfileViewController.swift */; };
		E28958A023697D6500F53FE2 /* AppDelegate.swift in Sources */ = {isa = PBXBuildFile; fileRef = E289589F23697D6500F53FE2 /* AppDelegate.swift */; };
		E28958A223697D6500F53FE2 /* SceneDelegate.swift in Sources */ = {isa = PBXBuildFile; fileRef = E28958A123697D6500F53FE2 /* SceneDelegate.swift */; };
		E28958A423697D6500F53FE2 /* SignInViewController.swift in Sources */ = {isa = PBXBuildFile; fileRef = E28958A323697D6500F53FE2 /* SignInViewController.swift */; };
		E28958A723697D6500F53FE2 /* Main.storyboard in Resources */ = {isa = PBXBuildFile; fileRef = E28958A523697D6500F53FE2 /* Main.storyboard */; };
		E28958A923697D6600F53FE2 /* Assets.xcassets in Resources */ = {isa = PBXBuildFile; fileRef = E28958A823697D6600F53FE2 /* Assets.xcassets */; };
		E28958AC23697D6600F53FE2 /* LaunchScreen.storyboard in Resources */ = {isa = PBXBuildFile; fileRef = E28958AA23697D6600F53FE2 /* LaunchScreen.storyboard */; };
/* End PBXBuildFile section */

/* Begin PBXFileReference section */
		E22EF3DD2369EDA4008F0BF0 /* TabBar.storyboard */ = {isa = PBXFileReference; fileEncoding = 4; lastKnownFileType = file.storyboard; path = TabBar.storyboard; sourceTree = "<group>"; };
		E25629F52369C85000BE430D /* SignUpViewController.swift */ = {isa = PBXFileReference; lastKnownFileType = sourcecode.swift; path = SignUpViewController.swift; sourceTree = "<group>"; };
		E25629F72369D88B00BE430D /* HomeViewController.swift */ = {isa = PBXFileReference; lastKnownFileType = sourcecode.swift; path = HomeViewController.swift; sourceTree = "<group>"; };
		E25629F92369D8A100BE430D /* SearchViewController.swift */ = {isa = PBXFileReference; lastKnownFileType = sourcecode.swift; path = SearchViewController.swift; sourceTree = "<group>"; };
		E25629FB2369D8B400BE430D /* PhotoViewController.swift */ = {isa = PBXFileReference; lastKnownFileType = sourcecode.swift; path = PhotoViewController.swift; sourceTree = "<group>"; };
		E25629FD2369D8E700BE430D /* FavoriteViewController.swift */ = {isa = PBXFileReference; lastKnownFileType = sourcecode.swift; path = FavoriteViewController.swift; sourceTree = "<group>"; };
		E25629FF2369D8F700BE430D /* ProfileViewController.swift */ = {isa = PBXFileReference; lastKnownFileType = sourcecode.swift; path = ProfileViewController.swift; sourceTree = "<group>"; };
		E289589C23697D6500F53FE2 /* Instagram.app */ = {isa = PBXFileReference; explicitFileType = wrapper.application; includeInIndex = 0; path = Instagram.app; sourceTree = BUILT_PRODUCTS_DIR; };
		E289589F23697D6500F53FE2 /* AppDelegate.swift */ = {isa = PBXFileReference; lastKnownFileType = sourcecode.swift; path = AppDelegate.swift; sourceTree = "<group>"; };
		E28958A123697D6500F53FE2 /* SceneDelegate.swift */ = {isa = PBXFileReference; lastKnownFileType = sourcecode.swift; path = SceneDelegate.swift; sourceTree = "<group>"; };
		E28958A323697D6500F53FE2 /* SignInViewController.swift */ = {isa = PBXFileReference; lastKnownFileType = sourcecode.swift; path = SignInViewController.swift; sourceTree = "<group>"; };
		E28958A623697D6500F53FE2 /* Base */ = {isa = PBXFileReference; lastKnownFileType = file.storyboard; name = Base; path = Base.lproj/Main.storyboard; sourceTree = "<group>"; };
		E28958A823697D6600F53FE2 /* Assets.xcassets */ = {isa = PBXFileReference; lastKnownFileType = folder.assetcatalog; path = Assets.xcassets; sourceTree = "<group>"; };
		E28958AB23697D6600F53FE2 /* Base */ = {isa = PBXFileReference; lastKnownFileType = file.storyboard; name = Base; path = Base.lproj/LaunchScreen.storyboard; sourceTree = "<group>"; };
		E28958AD23697D6600F53FE2 /* Info.plist */ = {isa = PBXFileReference; lastKnownFileType = text.plist.xml; path = Info.plist; sourceTree = "<group>"; };
/* End PBXFileReference section */

/* Begin PBXFrameworksBuildPhase section */
		E289589923697D6500F53FE2 /* Frameworks */ = {
			isa = PBXFrameworksBuildPhase;
			buildActionMask = 2147483647;
			files = (
			);
			runOnlyForDeploymentPostprocessing = 0;
		};
/* End PBXFrameworksBuildPhase section */

/* Begin PBXGroup section */
		E289589323697D6500F53FE2 = {
			isa = PBXGroup;
			children = (
				E289589E23697D6500F53FE2 /* Instagram */,
				E289589D23697D6500F53FE2 /* Products */,
			);
			sourceTree = "<group>";
		};
		E289589D23697D6500F53FE2 /* Products */ = {
			isa = PBXGroup;
			children = (
				E289589C23697D6500F53FE2 /* Instagram.app */,
			);
			name = Products;
			sourceTree = "<group>";
		};
		E289589E23697D6500F53FE2 /* Instagram */ = {
			isa = PBXGroup;
			children = (
				E25629F72369D88B00BE430D /* HomeViewController.swift */,
				E25629F92369D8A100BE430D /* SearchViewController.swift */,
				E25629FB2369D8B400BE430D /* PhotoViewController.swift */,
				E25629FD2369D8E700BE430D /* FavoriteViewController.swift */,
				E25629FF2369D8F700BE430D /* ProfileViewController.swift */,
				E25629F52369C85000BE430D /* SignUpViewController.swift */,
				E28958A323697D6500F53FE2 /* SignInViewController.swift */,
				E22EF3DD2369EDA4008F0BF0 /* TabBar.storyboard */,
				E28958A523697D6500F53FE2 /* Main.storyboard */,
				E289589F23697D6500F53FE2 /* AppDelegate.swift */,
				E28958A123697D6500F53FE2 /* SceneDelegate.swift */,
				E28958A823697D6600F53FE2 /* Assets.xcassets */,
				E28958AA23697D6600F53FE2 /* LaunchScreen.storyboard */,
				E28958AD23697D6600F53FE2 /* Info.plist */,
			);
			path = Instagram;
			sourceTree = "<group>";
		};
/* End PBXGroup section */

/* Begin PBXNativeTarget section */
		E289589B23697D6500F53FE2 /* Instagram */ = {
			isa = PBXNativeTarget;
			buildConfigurationList = E28958B023697D6600F53FE2 /* Build configuration list for PBXNativeTarget "Instagram" */;
			buildPhases = (
				E289589823697D6500F53FE2 /* Sources */,
				E289589923697D6500F53FE2 /* Frameworks */,
				E289589A23697D6500F53FE2 /* Resources */,
			);
			buildRules = (
			);
			dependencies = (
			);
			name = Instagram;
			productName = Instagram;
			productReference = E289589C23697D6500F53FE2 /* Instagram.app */;
			productType = "com.apple.product-type.application";
		};
/* End PBXNativeTarget section */

/* Begin PBXProject section */
		E289589423697D6500F53FE2 /* Project object */ = {
			isa = PBXProject;
			attributes = {
				LastSwiftUpdateCheck = 1110;
				LastUpgradeCheck = 1110;
				ORGANIZATIONNAME = "Kostas Poimenidis";
				TargetAttributes = {
					E289589B23697D6500F53FE2 = {
						CreatedOnToolsVersion = 11.1;
					};
				};
			};
			buildConfigurationList = E289589723697D6500F53FE2 /* Build configuration list for PBXProject "Instagram" */;
			compatibilityVersion = "Xcode 9.3";
			developmentRegion = en;
			hasScannedForEncodings = 0;
			knownRegions = (
				en,
				Base,
			);
			mainGroup = E289589323697D6500F53FE2;
			productRefGroup = E289589D23697D6500F53FE2 /* Products */;
			projectDirPath = "";
			projectRoot = "";
			targets = (
				E289589B23697D6500F53FE2 /* Instagram */,
			);
		};
/* End PBXProject section */

/* Begin PBXResourcesBuildPhase section */
		E289589A23697D6500F53FE2 /* Resources */ = {
			isa = PBXResourcesBuildPhase;
			buildActionMask = 2147483647;
			files = (
				E22EF3DE2369EDA4008F0BF0 /* TabBar.storyboard in Resources */,
				E28958AC23697D6600F53FE2 /* LaunchScreen.storyboard in Resources */,
				E28958A923697D6600F53FE2 /* Assets.xcassets in Resources */,
				E28958A723697D6500F53FE2 /* Main.storyboard in Resources */,
			);
			runOnlyForDeploymentPostprocessing = 0;
		};
/* End PBXResourcesBuildPhase section */

/* Begin PBXSourcesBuildPhase section */
		E289589823697D6500F53FE2 /* Sources */ = {
			isa = PBXSourcesBuildPhase;
			buildActionMask = 2147483647;
			files = (
				E25629FA2369D8A100BE430D /* SearchViewController.swift in Sources */,
				E25629F82369D88B00BE430D /* HomeViewController.swift in Sources */,
				E28958A423697D6500F53FE2 /* SignInViewController.swift in Sources */,
				E28958A023697D6500F53FE2 /* AppDelegate.swift in Sources */,
				E25629FC2369D8B400BE430D /* PhotoViewController.swift in Sources */,
				E25629F62369C85000BE430D /* SignUpViewController.swift in Sources */,
				E2562A002369D8F700BE430D /* ProfileViewController.swift in Sources */,
				E25629FE2369D8E700BE430D /* FavoriteViewController.swift in Sources */,
				E28958A223697D6500F53FE2 /* SceneDelegate.swift in Sources */,
			);
			runOnlyForDeploymentPostprocessing = 0;
		};
/* End PBXSourcesBuildPhase section */

/* Begin PBXVariantGroup section */
		E28958A523697D6500F53FE2 /* Main.storyboard */ = {
			isa = PBXVariantGroup;
			children = (
				E28958A623697D6500F53FE2 /* Base */,
			);
			name = Main.storyboard;
			sourceTree = "<group>";
		};
		E28958AA23697D6600F53FE2 /* LaunchScreen.storyboard */ = {
			isa = PBXVariantGroup;
			children = (
				E28958AB23697D6600F53FE2 /* Base */,
			);
			name = LaunchScreen.storyboard;
			sourceTree = "<group>";
		};
/* End PBXVariantGroup section */

/* Begin XCBuildConfiguration section */
		E28958AE23697D6600F53FE2 /* Debug */ = {
			isa = XCBuildConfiguration;
			buildSettings = {
				ALWAYS_SEARCH_USER_PATHS = NO;
				CLANG_ANALYZER_NONNULL = YES;
				CLANG_ANALYZER_NUMBER_OBJECT_CONVERSION = YES_AGGRESSIVE;
				CLANG_CXX_LANGUAGE_STANDARD = "gnu++14";
				CLANG_CXX_LIBRARY = "libc++";
				CLANG_ENABLE_MODULES = YES;
				CLANG_ENABLE_OBJC_ARC = YES;
				CLANG_ENABLE_OBJC_WEAK = YES;
				CLANG_WARN_BLOCK_CAPTURE_AUTORELEASING = YES;
				CLANG_WARN_BOOL_CONVERSION = YES;
				CLANG_WARN_COMMA = YES;
				CLANG_WARN_CONSTANT_CONVERSION = YES;
				CLANG_WARN_DEPRECATED_OBJC_IMPLEMENTATIONS = YES;
				CLANG_WARN_DIRECT_OBJC_ISA_USAGE = YES_ERROR;
				CLANG_WARN_DOCUMENTATION_COMMENTS = YES;
				CLANG_WARN_EMPTY_BODY = YES;
				CLANG_WARN_ENUM_CONVERSION = YES;
				CLANG_WARN_INFINITE_RECURSION = YES;
				CLANG_WARN_INT_CONVERSION = YES;
				CLANG_WARN_NON_LITERAL_NULL_CONVERSION = YES;
				CLANG_WARN_OBJC_IMPLICIT_RETAIN_SELF = YES;
				CLANG_WARN_OBJC_LITERAL_CONVERSION = YES;
				CLANG_WARN_OBJC_ROOT_CLASS = YES_ERROR;
				CLANG_WARN_RANGE_LOOP_ANALYSIS = YES;
				CLANG_WARN_STRICT_PROTOTYPES = YES;
				CLANG_WARN_SUSPICIOUS_MOVE = YES;
				CLANG_WARN_UNGUARDED_AVAILABILITY = YES_AGGRESSIVE;
				CLANG_WARN_UNREACHABLE_CODE = YES;
				CLANG_WARN__DUPLICATE_METHOD_MATCH = YES;
				COPY_PHASE_STRIP = NO;
				DEBUG_INFORMATION_FORMAT = dwarf;
				ENABLE_STRICT_OBJC_MSGSEND = YES;
				ENABLE_TESTABILITY = YES;
				GCC_C_LANGUAGE_STANDARD = gnu11;
				GCC_DYNAMIC_NO_PIC = NO;
				GCC_NO_COMMON_BLOCKS = YES;
				GCC_OPTIMIZATION_LEVEL = 0;
				GCC_PREPROCESSOR_DEFINITIONS = (
					"DEBUG=1",
					"$(inherited)",
				);
				GCC_WARN_64_TO_32_BIT_CONVERSION = YES;
				GCC_WARN_ABOUT_RETURN_TYPE = YES_ERROR;
				GCC_WARN_UNDECLARED_SELECTOR = YES;
				GCC_WARN_UNINITIALIZED_AUTOS = YES_AGGRESSIVE;
				GCC_WARN_UNUSED_FUNCTION = YES;
				GCC_WARN_UNUSED_VARIABLE = YES;
				IPHONEOS_DEPLOYMENT_TARGET = 13.1;
				MTL_ENABLE_DEBUG_INFO = INCLUDE_SOURCE;
				MTL_FAST_MATH = YES;
				ONLY_ACTIVE_ARCH = YES;
				SDKROOT = iphoneos;
				SWIFT_ACTIVE_COMPILATION_CONDITIONS = DEBUG;
				SWIFT_OPTIMIZATION_LEVEL = "-Onone";
			};
			name = Debug;
		};
		E28958AF23697D6600F53FE2 /* Release */ = {
			isa = XCBuildConfiguration;
			buildSettings = {
				ALWAYS_SEARCH_USER_PATHS = NO;
				CLANG_ANALYZER_NONNULL = YES;
				CLANG_ANALYZER_NUMBER_OBJECT_CONVERSION = YES_AGGRESSIVE;
				CLANG_CXX_LANGUAGE_STANDARD = "gnu++14";
				CLANG_CXX_LIBRARY = "libc++";
				CLANG_ENABLE_MODULES = YES;
				CLANG_ENABLE_OBJC_ARC = YES;
				CLANG_ENABLE_OBJC_WEAK = YES;
				CLANG_WARN_BLOCK_CAPTURE_AUTORELEASING = YES;
				CLANG_WARN_BOOL_CONVERSION = YES;
				CLANG_WARN_COMMA = YES;
				CLANG_WARN_CONSTANT_CONVERSION = YES;
				CLANG_WARN_DEPRECATED_OBJC_IMPLEMENTATIONS = YES;
				CLANG_WARN_DIRECT_OBJC_ISA_USAGE = YES_ERROR;
				CLANG_WARN_DOCUMENTATION_COMMENTS = YES;
				CLANG_WARN_EMPTY_BODY = YES;
				CLANG_WARN_ENUM_CONVERSION = YES;
				CLANG_WARN_INFINITE_RECURSION = YES;
				CLANG_WARN_INT_CONVERSION = YES;
				CLANG_WARN_NON_LITERAL_NULL_CONVERSION = YES;
				CLANG_WARN_OBJC_IMPLICIT_RETAIN_SELF = YES;
				CLANG_WARN_OBJC_LITERAL_CONVERSION = YES;
				CLANG_WARN_OBJC_ROOT_CLASS = YES_ERROR;
				CLANG_WARN_RANGE_LOOP_ANALYSIS = YES;
				CLANG_WARN_STRICT_PROTOTYPES = YES;
				CLANG_WARN_SUSPICIOUS_MOVE = YES;
				CLANG_WARN_UNGUARDED_AVAILABILITY = YES_AGGRESSIVE;
				CLANG_WARN_UNREACHABLE_CODE = YES;
				CLANG_WARN__DUPLICATE_METHOD_MATCH = YES;
				COPY_PHASE_STRIP = NO;
				DEBUG_INFORMATION_FORMAT = "dwarf-with-dsym";
				ENABLE_NS_ASSERTIONS = NO;
				ENABLE_STRICT_OBJC_MSGSEND = YES;
				GCC_C_LANGUAGE_STANDARD = gnu11;
				GCC_NO_COMMON_BLOCKS = YES;
				GCC_WARN_64_TO_32_BIT_CONVERSION = YES;
				GCC_WARN_ABOUT_RETURN_TYPE = YES_ERROR;
				GCC_WARN_UNDECLARED_SELECTOR = YES;
				GCC_WARN_UNINITIALIZED_AUTOS = YES_AGGRESSIVE;
				GCC_WARN_UNUSED_FUNCTION = YES;
				GCC_WARN_UNUSED_VARIABLE = YES;
				IPHONEOS_DEPLOYMENT_TARGET = 13.1;
				MTL_ENABLE_DEBUG_INFO = NO;
				MTL_FAST_MATH = YES;
				SDKROOT = iphoneos;
				SWIFT_COMPILATION_MODE = wholemodule;
				SWIFT_OPTIMIZATION_LEVEL = "-O";
				VALIDATE_PRODUCT = YES;
			};
			name = Release;
		};
		E28958B123697D6600F53FE2 /* Debug */ = {
			isa = XCBuildConfiguration;
			buildSettings = {
				ASSETCATALOG_COMPILER_APPICON_NAME = AppIcon;
				CODE_SIGN_STYLE = Automatic;
				INFOPLIST_FILE = Instagram/Info.plist;
				LD_RUNPATH_SEARCH_PATHS = (
					"$(inherited)",
					"@executable_path/Frameworks",
				);
				PRODUCT_BUNDLE_IDENTIFIER = com.poimenidis.Instagram;
				PRODUCT_NAME = "$(TARGET_NAME)";
				SWIFT_VERSION = 5.0;
				TARGETED_DEVICE_FAMILY = "1,2";
			};
			name = Debug;
		};
		E28958B223697D6600F53FE2 /* Release */ = {
			isa = XCBuildConfiguration;
			buildSettings = {
				ASSETCATALOG_COMPILER_APPICON_NAME = AppIcon;
				CODE_SIGN_STYLE = Automatic;
				INFOPLIST_FILE = Instagram/Info.plist;
				LD_RUNPATH_SEARCH_PATHS = (
					"$(inherited)",
					"@executable_path/Frameworks",
				);
				PRODUCT_BUNDLE_IDENTIFIER = com.poimenidis.Instagram;
				PRODUCT_NAME = "$(TARGET_NAME)";
				SWIFT_VERSION = 5.0;
				TARGETED_DEVICE_FAMILY = "1,2";
			};
			name = Release;
		};
/* End XCBuildConfiguration section */

/* Begin XCConfigurationList section */
		E289589723697D6500F53FE2 /* Build configuration list for PBXProject "Instagram" */ = {
			isa = XCConfigurationList;
			buildConfigurations = (
				E28958AE23697D6600F53FE2 /* Debug */,
				E28958AF23697D6600F53FE2 /* Release */,
			);
			defaultConfigurationIsVisible = 0;
			defaultConfigurationName = Release;
		};
		E28958B023697D6600F53FE2 /* Build configuration list for PBXNativeTarget "Instagram" */ = {
			isa = XCConfigurationList;
			buildConfigurations = (
				E28958B123697D6600F53FE2 /* Debug */,
				E28958B223697D6600F53FE2 /* Release */,
			);
			defaultConfigurationIsVisible = 0;
			defaultConfigurationName = Release;
		};
/* End XCConfigurationList section */
	};
	rootObject = E289589423697D6500F53FE2 /* Project object */;
}
